
Microsoft Visual Studio Solution File, Format Version 12.00
# Visual Studio Version 17
VisualStudioVersion = 17.0.32014.148
MinimumVisualStudioVersion = 10.0.40219.1
Project("{FAE04EC0-301F-11D3-BF4B-00C04F79EFBC}") = "MVC_Personel_Areas", "MVC_Personel_Areas\MVC_Personel_Areas.csproj", "{AAD11BD8-91A5-4C48-9D0E-F8294CFE638D}"
EndProject
Global
	GlobalSection(SolutionConfigurationPlatforms) = preSolution
		Debug|Any CPU = Debug|Any CPU
		Release|Any CPU = Release|Any CPU
	EndGlobalSection
	GlobalSection(ProjectConfigurationPlatforms) = postSolution
		{AAD11BD8-91A5-4C48-9D0E-F8294CFE638D}.Debug|Any CPU.ActiveCfg = Debug|Any CPU
		{AAD11BD8-91A5-4C48-9D0E-F8294CFE638D}.Debug|Any CPU.Build.0 = Debug|Any CPU
		{AAD11BD8-91A5-4C48-9D0E-F8294CFE638D}.Release|Any CPU.ActiveCfg = Release|Any CPU
		{AAD11BD8-91A5-4C48-9D0E-F8294CFE638D}.Release|Any CPU.Build.0 = Release|Any CPU
	EndGlobalSection
	GlobalSection(SolutionProperties) = preSolution
		HideSolutionNode = FALSE
	EndGlobalSection
	GlobalSection(ExtensibilityGlobals) = postSolution
		SolutionGuid = {F0777F57-B198-46CA-BF75-E3877EBE9037}
	EndGlobalSection
EndGlobal
